{
  "requires": true,
  "lockfileVersion": 1,
  "dependencies": {
    "@rcaferati/wac": {
      "version": "1.0.0",
      "resolved": "https://registry.npmjs.org/@rcaferati/wac/-/wac-1.0.0.tgz",
      "integrity": "sha512-7dVbzvcfL9o4UnrCaNeoIs7Ri9Ol+OMfpYYCJJV1dfm+5+pVM6DrvFjPzqifd2ACVABpXmwTQKy9KFxNm/7IdA=="
    },
    "react-awesome-button": {
      "version": "7.0.4",
      "resolved": "https://registry.npmjs.org/react-awesome-button/-/react-awesome-button-7.0.4.tgz",
      "integrity": "sha512-kwLoIgliYxvyxkb0zCZKC0qvDpazczcyWNA854YhNcs/9BYMPXrk1o0hyBKM11yhIBgUiEES7Bihj2s9LClV2Q==",
      "requires": {
        "@rcaferati/wac": "^1.0.0"
      }
    },
    "react-icons": {
      "version": "4.6.0",
      "resolved": "https://registry.npmjs.org/react-icons/-/react-icons-4.6.0.tgz",
      "integrity": "sha512-rR/L9m9340yO8yv1QT1QurxWQvWpbNHqVX0fzMln2HEb9TEIrQRGsqiNFQfiv9/JEUbyHmHPlNTB2LWm2Ttz0g=="
    }
  }
}
